{
  "name": "jctest",
  "version": "1.0.0",
  "lockfileVersion": 1,
  "requires": true,
  "dependencies": {
    "ghost47chen_jc": {
      "version": "1.0.1",
      "resolved": "https://registry.npmjs.org/ghost47chen_jc/-/ghost47chen_jc-1.0.1.tgz",
      "integrity": "sha512-pLs8053tG7ygZ/MVYO3zSuFdoMA7jjyr3owjWYe6LF20n48Z5BPGakfjlOAxHKpwSz14mKGwfqDGZbcvTmkVzA=="
    }
  }
}
